
Microsoft Visual Studio Solution File, Format Version 12.00
# Visual Studio Version 16
VisualStudioVersion = 16.0.30128.74
MinimumVisualStudioVersion = 10.0.40219.1
Project("{FAE04EC0-301F-11D3-BF4B-00C04F79EFBC}") = "KolkoKrzyzyk", "KolkoKrzyzyk\KolkoKrzyzyk.csproj", "{0CC02CEC-32F4-4970-A1AB-E178341AB916}"
EndProject
Project("{FAE04EC0-301F-11D3-BF4B-00C04F79EFBC}") = "TicTacToeLogic", "TicTacToeLogic\TicTacToeLogic.csproj", "{14261AA1-A30B-4F09-B2D2-1E76B4607653}"
EndProject
Global
	GlobalSection(SolutionConfigurationPlatforms) = preSolution
		Debug|Any CPU = Debug|Any CPU
		Release|Any CPU = Release|Any CPU
	EndGlobalSection
	GlobalSection(ProjectConfigurationPlatforms) = postSolution
		{0CC02CEC-32F4-4970-A1AB-E178341AB916}.Debug|Any CPU.ActiveCfg = Debug|Any CPU
		{0CC02CEC-32F4-4970-A1AB-E178341AB916}.Debug|Any CPU.Build.0 = Debug|Any CPU
		{0CC02CEC-32F4-4970-A1AB-E178341AB916}.Release|Any CPU.ActiveCfg = Release|Any CPU
		{0CC02CEC-32F4-4970-A1AB-E178341AB916}.Release|Any CPU.Build.0 = Release|Any CPU
		{14261AA1-A30B-4F09-B2D2-1E76B4607653}.Debug|Any CPU.ActiveCfg = Debug|Any CPU
		{14261AA1-A30B-4F09-B2D2-1E76B4607653}.Debug|Any CPU.Build.0 = Debug|Any CPU
		{14261AA1-A30B-4F09-B2D2-1E76B4607653}.Release|Any CPU.ActiveCfg = Release|Any CPU
		{14261AA1-A30B-4F09-B2D2-1E76B4607653}.Release|Any CPU.Build.0 = Release|Any CPU
	EndGlobalSection
	GlobalSection(SolutionProperties) = preSolution
		HideSolutionNode = FALSE
	EndGlobalSection
	GlobalSection(ExtensibilityGlobals) = postSolution
		SolutionGuid = {8995CADA-C32E-4F74-A413-5DCAF8C67E7B}
	EndGlobalSection
EndGlobal
